
Microsoft Visual Studio Solution File, Format Version 12.00
# Visual Studio Version 17
VisualStudioVersion = 17.0.31903.59
MinimumVisualStudioVersion = 10.0.40219.1
Project("{2150E333-8FDC-42A3-9474-1A3956D46DE8}") = "src", "src", "{355F1440-750E-4D14-ABC9-DE5C669308B4}"
EndProject
Project("{FAE04EC0-301F-11D3-BF4B-00C04F79EFBC}") = "AeroFlow.Local.AppHost", "src\AeroFlow.Local.AppHost\AeroFlow.Local.AppHost.csproj", "{38EFCE89-24D1-4D8D-BC31-4CEF1EA23ECB}"
EndProject
Project("{FAE04EC0-301F-11D3-BF4B-00C04F79EFBC}") = "AeroFlow.Local.ServiceDefaults", "src\AeroFlow.Local.ServiceDefaults\AeroFlow.Local.ServiceDefaults.csproj", "{08E1DB19-AC4F-4FA8-800D-970A7211138F}"
EndProject
Project("{FAE04EC0-301F-11D3-BF4B-00C04F79EFBC}") = "AeroFlow.Local.OpsDashboard", "src\AeroFlow.Local.OpsDashboard\AeroFlow.Local.OpsDashboard.csproj", "{99999396-F58C-4D8B-8B3C-63453E78DBA6}"
EndProject
Project("{2150E333-8FDC-42A3-9474-1A3956D46DE8}") = "placeholders", "placeholders", "{256F542F-9E94-4340-8CCE-264502B0D1F6}"
EndProject
Project("{FAE04EC0-301F-11D3-BF4B-00C04F79EFBC}") = "AeroFlow.BaggageReclaim", "src\placeholders\AeroFlow.BaggageReclaim\AeroFlow.BaggageReclaim.csproj", "{270F2286-2853-4327-89BB-F83BF2DA9D33}"
EndProject
Project("{FAE04EC0-301F-11D3-BF4B-00C04F79EFBC}") = "AeroFlow.Turnaround", "src\placeholders\AeroFlow.Turnaround\AeroFlow.Turnaround.csproj", "{388D9E66-B46F-43AC-A2F6-7A9C6B7E7770}"
EndProject
Project("{FAE04EC0-301F-11D3-BF4B-00C04F79EFBC}") = "AeroFlow.Cleaning", "src\placeholders\AeroFlow.Cleaning\AeroFlow.Cleaning.csproj", "{A6ABF7CA-F8EC-4420-BA9E-682B28CF9638}"
EndProject
Project("{FAE04EC0-301F-11D3-BF4B-00C04F79EFBC}") = "AeroFlow.Catering", "src\placeholders\AeroFlow.Catering\AeroFlow.Catering.csproj", "{B7237390-284D-4FB6-BAF3-E4B27A86C08A}"
EndProject
Project("{FAE04EC0-301F-11D3-BF4B-00C04F79EFBC}") = "AeroFlow.Pushback", "src\placeholders\AeroFlow.Pushback\AeroFlow.Pushback.csproj", "{F3C71B9F-5C43-4B8D-96F7-F9536A3BCD04}"
EndProject
Project("{FAE04EC0-301F-11D3-BF4B-00C04F79EFBC}") = "AeroFlow.Terminal", "src\placeholders\AeroFlow.Terminal\AeroFlow.Terminal.csproj", "{14730A1F-8E7B-45FD-BE59-11C244D96490}"
EndProject
Project("{FAE04EC0-301F-11D3-BF4B-00C04F79EFBC}") = "AeroFlow.GateAllocation", "..\svc-gate-allocation\src\AeroFlow.GateAllocation\AeroFlow.GateAllocation.csproj", "{943B1021-1EA1-42AA-9D81-92E68F29169D}"
EndProject
Project("{FAE04EC0-301F-11D3-BF4B-00C04F79EFBC}") = "AeroFlow.FlightStatus", "..\svc-flight-status\src\AeroFlow.FlightStatus\AeroFlow.FlightStatus.csproj", "{003C1FCD-3AEE-4E96-929A-3F28B18B6569}"
EndProject
Project("{FAE04EC0-301F-11D3-BF4B-00C04F79EFBC}") = "AeroFlow.Local.FlightEvents", "src\AeroFlow.Local.FlightEvents\AeroFlow.Local.FlightEvents.csproj", "{55E549B0-E7F1-4622-B8B9-1BE0C4F79AB8}"
EndProject
Project("{FAE04EC0-301F-11D3-BF4B-00C04F79EFBC}") = "AeroFlow.Local.FlightSimulator", "src\AeroFlow.Local.FlightSimulator\AeroFlow.Local.FlightSimulator.csproj", "{9B14CF66-E1BA-4445-9514-DF365CD9F498}"
EndProject
Global
	GlobalSection(SolutionConfigurationPlatforms) = preSolution
		Debug|Any CPU = Debug|Any CPU
		Release|Any CPU = Release|Any CPU
	EndGlobalSection
	GlobalSection(SolutionProperties) = preSolution
		HideSolutionNode = FALSE
	EndGlobalSection
	GlobalSection(ProjectConfigurationPlatforms) = postSolution
		{38EFCE89-24D1-4D8D-BC31-4CEF1EA23ECB}.Debug|Any CPU.ActiveCfg = Debug|Any CPU
		{38EFCE89-24D1-4D8D-BC31-4CEF1EA23ECB}.Debug|Any CPU.Build.0 = Debug|Any CPU
		{38EFCE89-24D1-4D8D-BC31-4CEF1EA23ECB}.Release|Any CPU.ActiveCfg = Release|Any CPU
		{38EFCE89-24D1-4D8D-BC31-4CEF1EA23ECB}.Release|Any CPU.Build.0 = Release|Any CPU
		{08E1DB19-AC4F-4FA8-800D-970A7211138F}.Debug|Any CPU.ActiveCfg = Debug|Any CPU
		{08E1DB19-AC4F-4FA8-800D-970A7211138F}.Debug|Any CPU.Build.0 = Debug|Any CPU
		{08E1DB19-AC4F-4FA8-800D-970A7211138F}.Release|Any CPU.ActiveCfg = Release|Any CPU
		{08E1DB19-AC4F-4FA8-800D-970A7211138F}.Release|Any CPU.Build.0 = Release|Any CPU
		{99999396-F58C-4D8B-8B3C-63453E78DBA6}.Debug|Any CPU.ActiveCfg = Debug|Any CPU
		{99999396-F58C-4D8B-8B3C-63453E78DBA6}.Debug|Any CPU.Build.0 = Debug|Any CPU
		{99999396-F58C-4D8B-8B3C-63453E78DBA6}.Release|Any CPU.ActiveCfg = Release|Any CPU
		{99999396-F58C-4D8B-8B3C-63453E78DBA6}.Release|Any CPU.Build.0 = Release|Any CPU
		{270F2286-2853-4327-89BB-F83BF2DA9D33}.Debug|Any CPU.ActiveCfg = Debug|Any CPU
		{270F2286-2853-4327-89BB-F83BF2DA9D33}.Debug|Any CPU.Build.0 = Debug|Any CPU
		{270F2286-2853-4327-89BB-F83BF2DA9D33}.Release|Any CPU.ActiveCfg = Release|Any CPU
		{270F2286-2853-4327-89BB-F83BF2DA9D33}.Release|Any CPU.Build.0 = Release|Any CPU
		{388D9E66-B46F-43AC-A2F6-7A9C6B7E7770}.Debug|Any CPU.ActiveCfg = Debug|Any CPU
		{388D9E66-B46F-43AC-A2F6-7A9C6B7E7770}.Debug|Any CPU.Build.0 = Debug|Any CPU
		{388D9E66-B46F-43AC-A2F6-7A9C6B7E7770}.Release|Any CPU.ActiveCfg = Release|Any CPU
		{388D9E66-B46F-43AC-A2F6-7A9C6B7E7770}.Release|Any CPU.Build.0 = Release|Any CPU
		{A6ABF7CA-F8EC-4420-BA9E-682B28CF9638}.Debug|Any CPU.ActiveCfg = Debug|Any CPU
		{A6ABF7CA-F8EC-4420-BA9E-682B28CF9638}.Debug|Any CPU.Build.0 = Debug|Any CPU
		{A6ABF7CA-F8EC-4420-BA9E-682B28CF9638}.Release|Any CPU.ActiveCfg = Release|Any CPU
		{A6ABF7CA-F8EC-4420-BA9E-682B28CF9638}.Release|Any CPU.Build.0 = Release|Any CPU
		{B7237390-284D-4FB6-BAF3-E4B27A86C08A}.Debug|Any CPU.ActiveCfg = Debug|Any CPU
		{B7237390-284D-4FB6-BAF3-E4B27A86C08A}.Debug|Any CPU.Build.0 = Debug|Any CPU
		{B7237390-284D-4FB6-BAF3-E4B27A86C08A}.Release|Any CPU.ActiveCfg = Release|Any CPU
		{B7237390-284D-4FB6-BAF3-E4B27A86C08A}.Release|Any CPU.Build.0 = Release|Any CPU
		{F3C71B9F-5C43-4B8D-96F7-F9536A3BCD04}.Debug|Any CPU.ActiveCfg = Debug|Any CPU
		{F3C71B9F-5C43-4B8D-96F7-F9536A3BCD04}.Debug|Any CPU.Build.0 = Debug|Any CPU
		{F3C71B9F-5C43-4B8D-96F7-F9536A3BCD04}.Release|Any CPU.ActiveCfg = Release|Any CPU
		{F3C71B9F-5C43-4B8D-96F7-F9536A3BCD04}.Release|Any CPU.Build.0 = Release|Any CPU
		{14730A1F-8E7B-45FD-BE59-11C244D96490}.Debug|Any CPU.ActiveCfg = Debug|Any CPU
		{14730A1F-8E7B-45FD-BE59-11C244D96490}.Debug|Any CPU.Build.0 = Debug|Any CPU
		{14730A1F-8E7B-45FD-BE59-11C244D96490}.Release|Any CPU.ActiveCfg = Release|Any CPU
		{14730A1F-8E7B-45FD-BE59-11C244D96490}.Release|Any CPU.Build.0 = Release|Any CPU
		{943B1021-1EA1-42AA-9D81-92E68F29169D}.Debug|Any CPU.ActiveCfg = Debug|Any CPU
		{943B1021-1EA1-42AA-9D81-92E68F29169D}.Debug|Any CPU.Build.0 = Debug|Any CPU
		{943B1021-1EA1-42AA-9D81-92E68F29169D}.Release|Any CPU.ActiveCfg = Release|Any CPU
		{943B1021-1EA1-42AA-9D81-92E68F29169D}.Release|Any CPU.Build.0 = Release|Any CPU
		{003C1FCD-3AEE-4E96-929A-3F28B18B6569}.Debug|Any CPU.ActiveCfg = Debug|Any CPU
		{003C1FCD-3AEE-4E96-929A-3F28B18B6569}.Debug|Any CPU.Build.0 = Debug|Any CPU
		{003C1FCD-3AEE-4E96-929A-3F28B18B6569}.Release|Any CPU.ActiveCfg = Release|Any CPU
		{003C1FCD-3AEE-4E96-929A-3F28B18B6569}.Release|Any CPU.Build.0 = Release|Any CPU
		{55E549B0-E7F1-4622-B8B9-1BE0C4F79AB8}.Debug|Any CPU.ActiveCfg = Debug|Any CPU
		{55E549B0-E7F1-4622-B8B9-1BE0C4F79AB8}.Debug|Any CPU.Build.0 = Debug|Any CPU
		{55E549B0-E7F1-4622-B8B9-1BE0C4F79AB8}.Release|Any CPU.ActiveCfg = Release|Any CPU
		{55E549B0-E7F1-4622-B8B9-1BE0C4F79AB8}.Release|Any CPU.Build.0 = Release|Any CPU
		{9B14CF66-E1BA-4445-9514-DF365CD9F498}.Debug|Any CPU.ActiveCfg = Debug|Any CPU
		{9B14CF66-E1BA-4445-9514-DF365CD9F498}.Debug|Any CPU.Build.0 = Debug|Any CPU
		{9B14CF66-E1BA-4445-9514-DF365CD9F498}.Release|Any CPU.ActiveCfg = Release|Any CPU
		{9B14CF66-E1BA-4445-9514-DF365CD9F498}.Release|Any CPU.Build.0 = Release|Any CPU
	EndGlobalSection
	GlobalSection(NestedProjects) = preSolution
		{38EFCE89-24D1-4D8D-BC31-4CEF1EA23ECB} = {355F1440-750E-4D14-ABC9-DE5C669308B4}
		{08E1DB19-AC4F-4FA8-800D-970A7211138F} = {355F1440-750E-4D14-ABC9-DE5C669308B4}
		{99999396-F58C-4D8B-8B3C-63453E78DBA6} = {355F1440-750E-4D14-ABC9-DE5C669308B4}
		{256F542F-9E94-4340-8CCE-264502B0D1F6} = {355F1440-750E-4D14-ABC9-DE5C669308B4}
		{270F2286-2853-4327-89BB-F83BF2DA9D33} = {256F542F-9E94-4340-8CCE-264502B0D1F6}
		{388D9E66-B46F-43AC-A2F6-7A9C6B7E7770} = {256F542F-9E94-4340-8CCE-264502B0D1F6}
		{A6ABF7CA-F8EC-4420-BA9E-682B28CF9638} = {256F542F-9E94-4340-8CCE-264502B0D1F6}
		{B7237390-284D-4FB6-BAF3-E4B27A86C08A} = {256F542F-9E94-4340-8CCE-264502B0D1F6}
		{F3C71B9F-5C43-4B8D-96F7-F9536A3BCD04} = {256F542F-9E94-4340-8CCE-264502B0D1F6}
		{14730A1F-8E7B-45FD-BE59-11C244D96490} = {256F542F-9E94-4340-8CCE-264502B0D1F6}
		{55E549B0-E7F1-4622-B8B9-1BE0C4F79AB8} = {355F1440-750E-4D14-ABC9-DE5C669308B4}
		{9B14CF66-E1BA-4445-9514-DF365CD9F498} = {355F1440-750E-4D14-ABC9-DE5C669308B4}
	EndGlobalSection
EndGlobal
